# THIS IS AN AUTOGENERATED FILE. DO NOT EDIT THIS FILE DIRECTLY.
# yarn lockfile v1


"@fortawesome/fontawesome-common-types@^0.2.25":
  version "0.2.25"
  resolved "https://registry.yarnpkg.com/@fortawesome/fontawesome-common-types/-/fontawesome-common-types-0.2.25.tgz#6df015905081f2762e5cfddeb7a20d2e9b16c786"
  integrity sha512-3RuZPDuuPELd7RXtUqTCfed14fcny9UiPOkdr2i+cYxBoTOfQgxcDoq77fHiiHcgWuo1LoBUpvGxFF1H/y7s3Q==

"@fortawesome/fontawesome-svg-core@^1.2.25":
  version "1.2.25"
  resolved "https://registry.yarnpkg.com/@fortawesome/fontawesome-svg-core/-/fontawesome-svg-core-1.2.25.tgz#24b03391d14f0c6171e8cad7057c687b74049790"
  integrity sha512-MotKnn53JKqbkLQiwcZSBJVYtTgIKFbh7B8+kd05TSnfKYPFmjKKI59o2fpz5t0Hzl35vVGU6+N4twoOpZUrqA==
  dependencies:
    "@fortawesome/fontawesome-common-types" "^0.2.25"

"@fortawesome/free-solid-svg-icons@^5.11.2":
  version "5.11.2"
  resolved "https://registry.yarnpkg.com/@fortawesome/free-solid-svg-icons/-/free-solid-svg-icons-5.11.2.tgz#2f2f1459743a27902b76655a0d0bc5ec4d945631"
  integrity sha512-zBue4i0PAZJUXOmLBBvM7L0O7wmsDC8dFv9IhpW5QL4kT9xhhVUsYg/LX1+5KaukWq4/cbDcKT+RT1aRe543sg==
  dependencies:
    "@fortawesome/fontawesome-common-types" "^0.2.25"

lit-element@^2.2.0:
  version "2.2.1"
  resolved "https://registry.yarnpkg.com/lit-element/-/lit-element-2.2.1.tgz#79c94d8cfdc2d73b245656e37991bd1e4811d96f"
  integrity sha512-ipDcgQ1EpW6Va2Z6dWm79jYdimVepO5GL0eYkZrFvdr0OD/1N260Q9DH+K5HXHFrRoC7dOg+ZpED2XE0TgGdXw==
  dependencies:
    lit-html "^1.0.0"

lit-html@^1.0.0:
  version "1.1.2"
  resolved "https://registry.yarnpkg.com/lit-html/-/lit-html-1.1.2.tgz#2e3560a7075210243649c888ad738eaf0daa8374"
  integrity sha512-FFlUMKHKi+qG1x1iHNZ1hrtc/zHmfYTyrSvs3/wBTvaNtpZjOZGWzU7efGYVpgp6KvWeKF6ql9/KsCq6Z/mEDA==

raw-element@^0.3.0:
  version "0.3.0"
  resolved "https://registry.yarnpkg.com/raw-element/-/raw-element-0.3.0.tgz#e8673ceacd363ac1d716065b9ed68193a886f491"
  integrity sha512-QGAC/OnmVYEK5fyyBate24ufWmAvkbpjfZ5PY0WlXOIpeu/4kcxJLNP4zAYJvxAyND+KKH0Hpb0vi4EFHrJg+A==
  dependencies:
    lit-element "^2.2.0"
